
Microsoft Visual Studio Solution File, Format Version 12.00
# Visual Studio Version 17
VisualStudioVersion = 17.1.32414.318
MinimumVisualStudioVersion = 10.0.40219.1
Project("{FAE04EC0-301F-11D3-BF4B-00C04F79EFBC}") = "MiniWebShop.WebApi", "MiniWebShop.WebApi\MiniWebShop.WebApi.csproj", "{0559A3E4-43E6-44B2-BD4F-97A7412C15D3}"
EndProject
Global
	GlobalSection(SolutionConfigurationPlatforms) = preSolution
		Debug|Any CPU = Debug|Any CPU
		Release|Any CPU = Release|Any CPU
	EndGlobalSection
	GlobalSection(ProjectConfigurationPlatforms) = postSolution
		{0559A3E4-43E6-44B2-BD4F-97A7412C15D3}.Debug|Any CPU.ActiveCfg = Debug|Any CPU
		{0559A3E4-43E6-44B2-BD4F-97A7412C15D3}.Debug|Any CPU.Build.0 = Debug|Any CPU
		{0559A3E4-43E6-44B2-BD4F-97A7412C15D3}.Release|Any CPU.ActiveCfg = Release|Any CPU
		{0559A3E4-43E6-44B2-BD4F-97A7412C15D3}.Release|Any CPU.Build.0 = Release|Any CPU
	EndGlobalSection
	GlobalSection(SolutionProperties) = preSolution
		HideSolutionNode = FALSE
	EndGlobalSection
	GlobalSection(ExtensibilityGlobals) = postSolution
		SolutionGuid = {ACFF8F6B-D73D-46DD-8D78-44E8D534B6F5}
	EndGlobalSection
EndGlobal
